<?xml version="1.0" encoding="utf-8"?>
<Project ToolsVersion="4.0" xmlns="http://schemas.microsoft.com/developer/msbuild/2003">
  <ItemGroup>
    <Filter Include="Source Files">
      <UniqueIdentifier>{4FC737F1-C7A5-4376-A066-2A32D752A2FF}</UniqueIdentifier>
      <Extensions>cpp;c;cc;cxx;def;odl;idl;hpj;bat;asm;asmx</Extensions>
    </Filter>
    <Filter Include="Header Files">
      <UniqueIdentifier>{93995380-89BD-4b04-88EB-625FBE52EBFB}</UniqueIdentifier>
      <Extensions>h;hh;hpp;hxx;hm;inl;inc;xsd</Extensions>
    </Filter>
    <Filter Include="Resource Files">
      <UniqueIdentifier>{67DA6AB6-F800-4c08-8B7A-83BB121AAD01}</UniqueIdentifier>
      <Extensions>rc;ico;cur;bmp;dlg;rc2;rct;bin;rgs;gif;jpg;jpeg;jpe;resx;tiff;tif;png;wav;mfcribbon-ms</Extensions>
    </Filter>
    <Filter Include="imgui">
      <UniqueIdentifier>{44385f3d-10d9-4f0b-916e-16737484cdf3}</UniqueIdentifier>
    </Filter>
    <Filter Include="imgui\include">
      <UniqueIdentifier>{44cbc397-b24d-4a00-86c3-d28a5bb352f2}</UniqueIdentifier>
    </Filter>
    <Filter Include="imgui\src">
      <UniqueIdentifier>{b2e5d356-8538-4f7f-8ec3-b0e9787321f6}</UniqueIdentifier>
    </Filter>
  </ItemGroup>
  <ItemGroup>
    <ClCompile Include="src\imgui_impl_sdl_gl3.cpp">
      <Filter>Source Files</Filter>
    </ClCompile>
    <ClCompile Include="src\main.cpp">
      <Filter>Source Files</Filter>
    </ClCompile>
    <ClCompile Include="imgui\src\imgui.cpp">
      <Filter>imgui\src</Filter>
    </ClCompile>
    <ClCompile Include="imgui\src\imgui_demo.cpp">
      <Filter>imgui\src</Filter>
    </ClCompile>
    <ClCompile Include="imgui\src\imgui_draw.cpp">
      <Filter>imgui\src</Filter>
    </ClCompile>
    <ClCompile Include="src\gl3w.c">
      <Filter>Source Files</Filter>
    </ClCompile>
  </ItemGroup>
  <ItemGroup>
    <ClInclude Include="include\imgui_impl_sdl_gl3.h">
      <Filter>Header Files</Filter>
    </ClInclude>
    <ClInclude Include="imgui\include\imconfig.h">
      <Filter>imgui\include</Filter>
    </ClInclude>
    <ClInclude Include="imgui\include\imgui.h">
      <Filter>imgui\include</Filter>
    </ClInclude>
    <ClInclude Include="imgui\include\imgui_internal.h">
      <Filter>imgui\include</Filter>
    </ClInclude>
    <ClInclude Include="imgui\include\stb_rect_pack.h">
      <Filter>imgui\include</Filter>
    </ClInclude>
    <ClInclude Include="imgui\include\stb_textedit.h">
      <Filter>imgui\include</Filter>
    </ClInclude>
    <ClInclude Include="imgui\include\stb_truetype.h">
      <Filter>imgui\include</Filter>
    </ClInclude>
  </ItemGroup>
</Project>